
Microsoft Visual Studio Solution File, Format Version 12.00
Project("{2150E333-8FDC-42A3-9474-1A3956D46DE8}") = "Application", "Application", "{EC4A0C16-2AC1-4DF7-A109-FF1C3DE8DEE4}"
EndProject
Project("{FAE04EC0-301F-11D3-BF4B-00C04F79EFBC}") = "MVCStore.Application", "MVCStore.Application\MVCStore.Application.csproj", "{48DFD5BC-8825-4D3E-870D-249D00299FAC}"
EndProject
Project("{2150E333-8FDC-42A3-9474-1A3956D46DE8}") = "Domain", "Domain", "{C7941218-66A1-4B0B-BC58-6B9497774028}"
EndProject
Project("{FAE04EC0-301F-11D3-BF4B-00C04F79EFBC}") = "MVCStore.Domain", "MVCStore.Domain\MVCStore.Domain.csproj", "{132E5CA8-3245-4635-B7E1-0B2B1253AC54}"
EndProject
Project("{2150E333-8FDC-42A3-9474-1A3956D46DE8}") = "Infra", "Infra", "{85FE2CAA-0875-41A0-9494-6FD69D2BC7B8}"
EndProject
Project("{2150E333-8FDC-42A3-9474-1A3956D46DE8}") = "Data", "Data", "{95098828-2E8A-4085-85DD-A2551ADAE691}"
EndProject
Project("{FAE04EC0-301F-11D3-BF4B-00C04F79EFBC}") = "MVCStore.Infra.Data", "MVCStore.Infra.Data\MVCStore.Infra.Data.csproj", "{481C0589-7AD7-4FBF-BD8E-0D72F1D9B6AB}"
EndProject
Global
	GlobalSection(SolutionConfigurationPlatforms) = preSolution
		Debug|Any CPU = Debug|Any CPU
		Release|Any CPU = Release|Any CPU
	EndGlobalSection
	GlobalSection(NestedProjects) = preSolution
		{48DFD5BC-8825-4D3E-870D-249D00299FAC} = {EC4A0C16-2AC1-4DF7-A109-FF1C3DE8DEE4}
		{132E5CA8-3245-4635-B7E1-0B2B1253AC54} = {C7941218-66A1-4B0B-BC58-6B9497774028}
		{95098828-2E8A-4085-85DD-A2551ADAE691} = {85FE2CAA-0875-41A0-9494-6FD69D2BC7B8}
		{481C0589-7AD7-4FBF-BD8E-0D72F1D9B6AB} = {95098828-2E8A-4085-85DD-A2551ADAE691}
	EndGlobalSection
	GlobalSection(ProjectConfigurationPlatforms) = postSolution
		{48DFD5BC-8825-4D3E-870D-249D00299FAC}.Debug|Any CPU.ActiveCfg = Debug|Any CPU
		{48DFD5BC-8825-4D3E-870D-249D00299FAC}.Debug|Any CPU.Build.0 = Debug|Any CPU
		{48DFD5BC-8825-4D3E-870D-249D00299FAC}.Release|Any CPU.ActiveCfg = Release|Any CPU
		{48DFD5BC-8825-4D3E-870D-249D00299FAC}.Release|Any CPU.Build.0 = Release|Any CPU
		{132E5CA8-3245-4635-B7E1-0B2B1253AC54}.Debug|Any CPU.ActiveCfg = Debug|Any CPU
		{132E5CA8-3245-4635-B7E1-0B2B1253AC54}.Debug|Any CPU.Build.0 = Debug|Any CPU
		{132E5CA8-3245-4635-B7E1-0B2B1253AC54}.Release|Any CPU.ActiveCfg = Release|Any CPU
		{132E5CA8-3245-4635-B7E1-0B2B1253AC54}.Release|Any CPU.Build.0 = Release|Any CPU
		{481C0589-7AD7-4FBF-BD8E-0D72F1D9B6AB}.Debug|Any CPU.ActiveCfg = Debug|Any CPU
		{481C0589-7AD7-4FBF-BD8E-0D72F1D9B6AB}.Debug|Any CPU.Build.0 = Debug|Any CPU
		{481C0589-7AD7-4FBF-BD8E-0D72F1D9B6AB}.Release|Any CPU.ActiveCfg = Release|Any CPU
		{481C0589-7AD7-4FBF-BD8E-0D72F1D9B6AB}.Release|Any CPU.Build.0 = Release|Any CPU
		{F453ECB4-C857-495A-A32C-CE9D452FA9E4}.Debug|Any CPU.ActiveCfg = Debug|Any CPU
		{F453ECB4-C857-495A-A32C-CE9D452FA9E4}.Debug|Any CPU.Build.0 = Debug|Any CPU
		{F453ECB4-C857-495A-A32C-CE9D452FA9E4}.Release|Any CPU.ActiveCfg = Release|Any CPU
		{F453ECB4-C857-495A-A32C-CE9D452FA9E4}.Release|Any CPU.Build.0 = Release|Any CPU
	EndGlobalSection
EndGlobal
